
Microsoft Visual Studio Solution File, Format Version 12.00
# Visual Studio Version 17
VisualStudioVersion = 17.0.31903.59
MinimumVisualStudioVersion = 10.0.40219.1
Project("{FAE04EC0-301F-11D3-BF4B-00C04F79EFBC}") = "ConsoleApp1", "ConsoleApp1\ConsoleApp1.csproj", "{BF3EC9E5-D20C-4337-98C9-C4CCE37A4EA2}"
EndProject
Project("{FAE04EC0-301F-11D3-BF4B-00C04F79EFBC}") = "WebAPI1", "..\..\WebApps\WebAPI1\WebAPI1.csproj", "{4A5802F5-ECFB-4BEE-AC6B-A77C3DECB17B}"
EndProject
Project("{FAE04EC0-301F-11D3-BF4B-00C04F79EFBC}") = "WebApp2", "..\..\WebApps\WebApp2\WebApp2.csproj", "{A60E3C56-6DAD-4B08-9068-CA99EC50E953}"
EndProject
Global
	GlobalSection(SolutionConfigurationPlatforms) = preSolution
		Debug|Any CPU = Debug|Any CPU
		Release|Any CPU = Release|Any CPU
	EndGlobalSection
	GlobalSection(SolutionProperties) = preSolution
		HideSolutionNode = FALSE
	EndGlobalSection
	GlobalSection(ProjectConfigurationPlatforms) = postSolution
		{BF3EC9E5-D20C-4337-98C9-C4CCE37A4EA2}.Debug|Any CPU.ActiveCfg = Debug|Any CPU
		{BF3EC9E5-D20C-4337-98C9-C4CCE37A4EA2}.Debug|Any CPU.Build.0 = Debug|Any CPU
		{BF3EC9E5-D20C-4337-98C9-C4CCE37A4EA2}.Release|Any CPU.ActiveCfg = Release|Any CPU
		{BF3EC9E5-D20C-4337-98C9-C4CCE37A4EA2}.Release|Any CPU.Build.0 = Release|Any CPU
		{4A5802F5-ECFB-4BEE-AC6B-A77C3DECB17B}.Debug|Any CPU.ActiveCfg = Debug|Any CPU
		{4A5802F5-ECFB-4BEE-AC6B-A77C3DECB17B}.Debug|Any CPU.Build.0 = Debug|Any CPU
		{4A5802F5-ECFB-4BEE-AC6B-A77C3DECB17B}.Release|Any CPU.ActiveCfg = Release|Any CPU
		{4A5802F5-ECFB-4BEE-AC6B-A77C3DECB17B}.Release|Any CPU.Build.0 = Release|Any CPU
		{A60E3C56-6DAD-4B08-9068-CA99EC50E953}.Debug|Any CPU.ActiveCfg = Debug|Any CPU
		{A60E3C56-6DAD-4B08-9068-CA99EC50E953}.Debug|Any CPU.Build.0 = Debug|Any CPU
		{A60E3C56-6DAD-4B08-9068-CA99EC50E953}.Release|Any CPU.ActiveCfg = Release|Any CPU
		{A60E3C56-6DAD-4B08-9068-CA99EC50E953}.Release|Any CPU.Build.0 = Release|Any CPU
	EndGlobalSection
EndGlobal
